// !$*UTF8*$!
{
	archiveVersion = 1;
	classes = {
	};
	objectVersion = 46;
	objects = {

/* Begin PBXBuildFile section */
		08B976291CFB555100043746 /* AppDelegate.swift in Sources */ = {isa = PBXBuildFile; fileRef = 08B976281CFB555100043746 /* AppDelegate.swift */; };
		08B9762B1CFB555100043746 /* ViewController.swift in Sources */ = {isa = PBXBuildFile; fileRef = 08B9762A1CFB555100043746 /* ViewController.swift */; };
		08B9762E1CFB555100043746 /* Main.storyboard in Resources */ = {isa = PBXBuildFile; fileRef = 08B9762C1CFB555100043746 /* Main.storyboard */; };
		08B976301CFB555100043746 /* Assets.xcassets in Resources */ = {isa = PBXBuildFile; fileRef = 08B9762F1CFB555100043746 /* Assets.xcassets */; };
		08B976331CFB555100043746 /* LaunchScreen.storyboard in Resources */ = {isa = PBXBuildFile; fileRef = 08B976311CFB555100043746 /* LaunchScreen.storyboard */; };
		08B9763B1CFB558600043746 /* Character.swift in Sources */ = {isa = PBXBuildFile; fileRef = 08B9763A1CFB558600043746 /* Character.swift */; };
		08B9763D1CFB573800043746 /* Ogre.swift in Sources */ = {isa = PBXBuildFile; fileRef = 08B9763C1CFB573800043746 /* Ogre.swift */; };
		08B9763F1CFB5AA200043746 /* Spartan.swift in Sources */ = {isa = PBXBuildFile; fileRef = 08B9763E1CFB5AA200043746 /* Spartan.swift */; };
		08B976451CFCA92200043746 /* victory.wav in Resources */ = {isa = PBXBuildFile; fileRef = 08B976421CFCA92200043746 /* victory.wav */; };
		08B976471CFCA9CC00043746 /* swing.wav in Resources */ = {isa = PBXBuildFile; fileRef = 08B976461CFCA9CC00043746 /* swing.wav */; };
/* End PBXBuildFile section */

/* Begin PBXFileReference section */
		08B976251CFB555000043746 /* RPG2.app */ = {isa = PBXFileReference; explicitFileType = wrapper.application; includeInIndex = 0; path = RPG2.app; sourceTree = BUILT_PRODUCTS_DIR; };
		08B976281CFB555100043746 /* AppDelegate.swift */ = {isa = PBXFileReference; lastKnownFileType = sourcecode.swift; path = AppDelegate.swift; sourceTree = "<group>"; };
		08B9762A1CFB555100043746 /* ViewController.swift */ = {isa = PBXFileReference; lastKnownFileType = sourcecode.swift; path = ViewController.swift; sourceTree = "<group>"; };
		08B9762D1CFB555100043746 /* Base */ = {isa = PBXFileReference; lastKnownFileType = file.storyboard; name = Base; path = Base.lproj/Main.storyboard; sourceTree = "<group>"; };
		08B9762F1CFB555100043746 /* Assets.xcassets */ = {isa = PBXFileReference; lastKnownFileType = folder.assetcatalog; path = Assets.xcassets; sourceTree = "<group>"; };
		08B976321CFB555100043746 /* Base */ = {isa = PBXFileReference; lastKnownFileType = file.storyboard; name = Base; path = Base.lproj/LaunchScreen.storyboard; sourceTree = "<group>"; };
		08B976341CFB555100043746 /* Info.plist */ = {isa = PBXFileReference; lastKnownFileType = text.plist.xml; path = Info.plist; sourceTree = "<group>"; };
		08B9763A1CFB558600043746 /* Character.swift */ = {isa = PBXFileReference; fileEncoding = 4; lastKnownFileType = sourcecode.swift; path = Character.swift; sourceTree = "<group>"; };
		08B9763C1CFB573800043746 /* Ogre.swift */ = {isa = PBXFileReference; fileEncoding = 4; lastKnownFileType = sourcecode.swift; path = Ogre.swift; sourceTree = "<group>"; };
		08B9763E1CFB5AA200043746 /* Spartan.swift */ = {isa = PBXFileReference; fileEncoding = 4; lastKnownFileType = sourcecode.swift; path = Spartan.swift; sourceTree = "<group>"; };
		08B976421CFCA92200043746 /* victory.wav */ = {isa = PBXFileReference; lastKnownFileType = audio.wav; path = victory.wav; sourceTree = "<group>"; };
		08B976461CFCA9CC00043746 /* swing.wav */ = {isa = PBXFileReference; lastKnownFileType = audio.wav; path = swing.wav; sourceTree = "<group>"; };
/* End PBXFileReference section */

/* Begin PBXFrameworksBuildPhase section */
		08B976221CFB555000043746 /* Frameworks */ = {
			isa = PBXFrameworksBuildPhase;
			buildActionMask = 2147483647;
			files = (
			);
			runOnlyForDeploymentPostprocessing = 0;
		};
/* End PBXFrameworksBuildPhase section */

/* Begin PBXGroup section */
		08B9761C1CFB555000043746 = {
			isa = PBXGroup;
			children = (
				08B976271CFB555100043746 /* RPG2 */,
				08B976261CFB555000043746 /* Products */,
				08B976461CFCA9CC00043746 /* swing.wav */,
				08B976421CFCA92200043746 /* victory.wav */,
			);
			sourceTree = "<group>";
		};
		08B976261CFB555000043746 /* Products */ = {
			isa = PBXGroup;
			children = (
				08B976251CFB555000043746 /* RPG2.app */,
			);
			name = Products;
			sourceTree = "<group>";
		};
		08B976271CFB555100043746 /* RPG2 */ = {
			isa = PBXGroup;
			children = (
				08B976281CFB555100043746 /* AppDelegate.swift */,
				08B9762A1CFB555100043746 /* ViewController.swift */,
				08B9762C1CFB555100043746 /* Main.storyboard */,
				08B9762F1CFB555100043746 /* Assets.xcassets */,
				08B976311CFB555100043746 /* LaunchScreen.storyboard */,
				08B976341CFB555100043746 /* Info.plist */,
				08B9763A1CFB558600043746 /* Character.swift */,
				08B9763C1CFB573800043746 /* Ogre.swift */,
				08B9763E1CFB5AA200043746 /* Spartan.swift */,
			);
			path = RPG2;
			sourceTree = "<group>";
		};
/* End PBXGroup section */

/* Begin PBXNativeTarget section */
		08B976241CFB555000043746 /* RPG2 */ = {
			isa = PBXNativeTarget;
			buildConfigurationList = 08B976371CFB555100043746 /* Build configuration list for PBXNativeTarget "RPG2" */;
			buildPhases = (
				08B976211CFB555000043746 /* Sources */,
				08B976221CFB555000043746 /* Frameworks */,
				08B976231CFB555000043746 /* Resources */,
			);
			buildRules = (
			);
			dependencies = (
			);
			name = RPG2;
			productName = RPG2;
			productReference = 08B976251CFB555000043746 /* RPG2.app */;
			productType = "com.apple.product-type.application";
		};
/* End PBXNativeTarget section */

/* Begin PBXProject section */
		08B9761D1CFB555000043746 /* Project object */ = {
			isa = PBXProject;
			attributes = {
				LastSwiftUpdateCheck = 0730;
				LastUpgradeCheck = 0730;
				ORGANIZATIONNAME = "Aaditya Narvekar";
				TargetAttributes = {
					08B976241CFB555000043746 = {
						CreatedOnToolsVersion = 7.3.1;
					};
				};
			};
			buildConfigurationList = 08B976201CFB555000043746 /* Build configuration list for PBXProject "RPG2" */;
			compatibilityVersion = "Xcode 3.2";
			developmentRegion = English;
			hasScannedForEncodings = 0;
			knownRegions = (
				en,
				Base,
			);
			mainGroup = 08B9761C1CFB555000043746;
			productRefGroup = 08B976261CFB555000043746 /* Products */;
			projectDirPath = "";
			projectRoot = "";
			targets = (
				08B976241CFB555000043746 /* RPG2 */,
			);
		};
/* End PBXProject section */

/* Begin PBXResourcesBuildPhase section */
		08B976231CFB555000043746 /* Resources */ = {
			isa = PBXResourcesBuildPhase;
			buildActionMask = 2147483647;
			files = (
				08B976471CFCA9CC00043746 /* swing.wav in Resources */,
				08B976331CFB555100043746 /* LaunchScreen.storyboard in Resources */,
				08B976301CFB555100043746 /* Assets.xcassets in Resources */,
				08B9762E1CFB555100043746 /* Main.storyboard in Resources */,
				08B976451CFCA92200043746 /* victory.wav in Resources */,
			);
			runOnlyForDeploymentPostprocessing = 0;
		};
/* End PBXResourcesBuildPhase section */

/* Begin PBXSourcesBuildPhase section */
		08B976211CFB555000043746 /* Sources */ = {
			isa = PBXSourcesBuildPhase;
			buildActionMask = 2147483647;
			files = (
				08B9763B1CFB558600043746 /* Character.swift in Sources */,
				08B9762B1CFB555100043746 /* ViewController.swift in Sources */,
				08B9763D1CFB573800043746 /* Ogre.swift in Sources */,
				08B976291CFB555100043746 /* AppDelegate.swift in Sources */,
				08B9763F1CFB5AA200043746 /* Spartan.swift in Sources */,
			);
			runOnlyForDeploymentPostprocessing = 0;
		};
/* End PBXSourcesBuildPhase section */

/* Begin PBXVariantGroup section */
		08B9762C1CFB555100043746 /* Main.storyboard */ = {
			isa = PBXVariantGroup;
			children = (
				08B9762D1CFB555100043746 /* Base */,
			);
			name = Main.storyboard;
			sourceTree = "<group>";
		};
		08B976311CFB555100043746 /* LaunchScreen.storyboard */ = {
			isa = PBXVariantGroup;
			children = (
				08B976321CFB555100043746 /* Base */,
			);
			name = LaunchScreen.storyboard;
			sourceTree = "<group>";
		};
/* End PBXVariantGroup section */

/* Begin XCBuildConfiguration section */
		08B976351CFB555100043746 /* Debug */ = {
			isa = XCBuildConfiguration;
			buildSettings = {
				ALWAYS_SEARCH_USER_PATHS = NO;
				CLANG_ANALYZER_NONNULL = YES;
				CLANG_CXX_LANGUAGE_STANDARD = "gnu++0x";
				CLANG_CXX_LIBRARY = "libc++";
				CLANG_ENABLE_MODULES = YES;
				CLANG_ENABLE_OBJC_ARC = YES;
				CLANG_WARN_BOOL_CONVERSION = YES;
				CLANG_WARN_CONSTANT_CONVERSION = YES;
				CLANG_WARN_DIRECT_OBJC_ISA_USAGE = YES_ERROR;
				CLANG_WARN_EMPTY_BODY = YES;
				CLANG_WARN_ENUM_CONVERSION = YES;
				CLANG_WARN_INT_CONVERSION = YES;
				CLANG_WARN_OBJC_ROOT_CLASS = YES_ERROR;
				CLANG_WARN_UNREACHABLE_CODE = YES;
				CLANG_WARN__DUPLICATE_METHOD_MATCH = YES;
				"CODE_SIGN_IDENTITY[sdk=iphoneos*]" = "iPhone Developer";
				COPY_PHASE_STRIP = NO;
				DEBUG_INFORMATION_FORMAT = dwarf;
				ENABLE_STRICT_OBJC_MSGSEND = YES;
				ENABLE_TESTABILITY = YES;
				GCC_C_LANGUAGE_STANDARD = gnu99;
				GCC_DYNAMIC_NO_PIC = NO;
				GCC_NO_COMMON_BLOCKS = YES;
				GCC_OPTIMIZATION_LEVEL = 0;
				GCC_PREPROCESSOR_DEFINITIONS = (
					"DEBUG=1",
					"$(inherited)",
				);
				GCC_WARN_64_TO_32_BIT_CONVERSION = YES;
				GCC_WARN_ABOUT_RETURN_TYPE = YES_ERROR;
				GCC_WARN_UNDECLARED_SELECTOR = YES;
				GCC_WARN_UNINITIALIZED_AUTOS = YES_AGGRESSIVE;
				GCC_WARN_UNUSED_FUNCTION = YES;
				GCC_WARN_UNUSED_VARIABLE = YES;
				IPHONEOS_DEPLOYMENT_TARGET = 9.3;
				MTL_ENABLE_DEBUG_INFO = YES;
				ONLY_ACTIVE_ARCH = YES;
				SDKROOT = iphoneos;
				SWIFT_OPTIMIZATION_LEVEL = "-Onone";
				TARGETED_DEVICE_FAMILY = "1,2";
			};
			name = Debug;
		};
		08B976361CFB555100043746 /* Release */ = {
			isa = XCBuildConfiguration;
			buildSettings = {
				ALWAYS_SEARCH_USER_PATHS = NO;
				CLANG_ANALYZER_NONNULL = YES;
				CLANG_CXX_LANGUAGE_STANDARD = "gnu++0x";
				CLANG_CXX_LIBRARY = "libc++";
				CLANG_ENABLE_MODULES = YES;
				CLANG_ENABLE_OBJC_ARC = YES;
				CLANG_WARN_BOOL_CONVERSION = YES;
				CLANG_WARN_CONSTANT_CONVERSION = YES;
				CLANG_WARN_DIRECT_OBJC_ISA_USAGE = YES_ERROR;
				CLANG_WARN_EMPTY_BODY = YES;
				CLANG_WARN_ENUM_CONVERSION = YES;
				CLANG_WARN_INT_CONVERSION = YES;
				CLANG_WARN_OBJC_ROOT_CLASS = YES_ERROR;
				CLANG_WARN_UNREACHABLE_CODE = YES;
				CLANG_WARN__DUPLICATE_METHOD_MATCH = YES;
				"CODE_SIGN_IDENTITY[sdk=iphoneos*]" = "iPhone Developer";
				COPY_PHASE_STRIP = NO;
				DEBUG_INFORMATION_FORMAT = "dwarf-with-dsym";
				ENABLE_NS_ASSERTIONS = NO;
				ENABLE_STRICT_OBJC_MSGSEND = YES;
				GCC_C_LANGUAGE_STANDARD = gnu99;
				GCC_NO_COMMON_BLOCKS = YES;
				GCC_WARN_64_TO_32_BIT_CONVERSION = YES;
				GCC_WARN_ABOUT_RETURN_TYPE = YES_ERROR;
				GCC_WARN_UNDECLARED_SELECTOR = YES;
				GCC_WARN_UNINITIALIZED_AUTOS = YES_AGGRESSIVE;
				GCC_WARN_UNUSED_FUNCTION = YES;
				GCC_WARN_UNUSED_VARIABLE = YES;
				IPHONEOS_DEPLOYMENT_TARGET = 9.3;
				MTL_ENABLE_DEBUG_INFO = NO;
				SDKROOT = iphoneos;
				TARGETED_DEVICE_FAMILY = "1,2";
				VALIDATE_PRODUCT = YES;
			};
			name = Release;
		};
		08B976381CFB555100043746 /* Debug */ = {
			isa = XCBuildConfiguration;
			buildSettings = {
				ASSETCATALOG_COMPILER_APPICON_NAME = AppIcon;
				INFOPLIST_FILE = RPG2/Info.plist;
				LD_RUNPATH_SEARCH_PATHS = "$(inherited) @executable_path/Frameworks";
				PRODUCT_BUNDLE_IDENTIFIER = com.aadityanarvekar.RPG2;
				PRODUCT_NAME = "$(TARGET_NAME)";
			};
			name = Debug;
		};
		08B976391CFB555100043746 /* Release */ = {
			isa = XCBuildConfiguration;
			buildSettings = {
				ASSETCATALOG_COMPILER_APPICON_NAME = AppIcon;
				INFOPLIST_FILE = RPG2/Info.plist;
				LD_RUNPATH_SEARCH_PATHS = "$(inherited) @executable_path/Frameworks";
				PRODUCT_BUNDLE_IDENTIFIER = com.aadityanarvekar.RPG2;
				PRODUCT_NAME = "$(TARGET_NAME)";
			};
			name = Release;
		};
/* End XCBuildConfiguration section */

/* Begin XCConfigurationList section */
		08B976201CFB555000043746 /* Build configuration list for PBXProject "RPG2" */ = {
			isa = XCConfigurationList;
			buildConfigurations = (
				08B976351CFB555100043746 /* Debug */,
				08B976361CFB555100043746 /* Release */,
			);
			defaultConfigurationIsVisible = 0;
			defaultConfigurationName = Release;
		};
		08B976371CFB555100043746 /* Build configuration list for PBXNativeTarget "RPG2" */ = {
			isa = XCConfigurationList;
			buildConfigurations = (
				08B976381CFB555100043746 /* Debug */,
				08B976391CFB555100043746 /* Release */,
			);
			defaultConfigurationIsVisible = 0;
			defaultConfigurationName = Release;
		};
/* End XCConfigurationList section */
	};
	rootObject = 08B9761D1CFB555000043746 /* Project object */;
}
